{
  "object": {
    "pins": [
      {
        "package": "async-http-client",
        "repositoryURL": "https://github.com/swift-server/async-http-client.git",
        "state": {
          "branch": null,
          "revision": "8e4d51908dd49272667126403bf977c5c503f78f",
          "version": "1.5.0"
        }
      },
      {
        "package": "async-kit",
        "repositoryURL": "https://github.com/vapor/async-kit.git",
        "state": {
          "branch": null,
          "revision": "c1de408100a2f2e4ab2ea06512e8635bc1a59144",
          "version": "1.3.1"
        }
      },
      {
        "package": "console-kit",
        "repositoryURL": "https://github.com/vapor/console-kit.git",
        "state": {
          "branch": null,
          "revision": "cfe8bcd58f74ffecb4f536d8237de146b634ecd3",
          "version": "4.2.6"
        }
      },
      {
        "package": "FineJSON",
        "repositoryURL": "https://github.com/omochi/FineJSON.git",
        "state": {
          "branch": null,
          "revision": "05101709243cb66d80c92e645210a3b80cf4e17f",
          "version": "1.14.0"
        }
      },
      {
        "package": "multipart-kit",
        "repositoryURL": "https://github.com/vapor/multipart-kit.git",
        "state": {
          "branch": null,
          "revision": "c9ea04017b7fb3b1f034ad7a77f8e53d3e080be5",
          "version": "4.2.1"
        }
      },
      {
        "package": "OpenAPIKit",
        "repositoryURL": "https://github.com/mattpolzin/OpenAPIKit.git",
        "state": {
          "branch": null,
          "revision": "4986552e76c331a99770428bd2be77ad76068c08",
          "version": "2.4.0"
        }
      },
      {
        "package": "OpenAPIReflection",
        "repositoryURL": "https://github.com/mattpolzin/OpenAPIReflection.git",
        "state": {
          "branch": null,
          "revision": "2747214f17d17d4662c03d9cbe85e5e3307285ea",
          "version": "1.0.0"
        }
      },
      {
        "package": "RichJSONParser",
        "repositoryURL": "https://github.com/omochi/RichJSONParser.git",
        "state": {
          "branch": null,
          "revision": "263e2ecfe88d0500fa99e4cbc8c948529d335534",
          "version": "3.0.0"
        }
      },
      {
        "package": "routing-kit",
        "repositoryURL": "https://github.com/vapor/routing-kit.git",
        "state": {
          "branch": null,
          "revision": "a0801a36a6ad501d5ad6285cbcd4774de6b0a734",
          "version": "4.3.0"
        }
      },
      {
        "package": "Sampleable",
        "repositoryURL": "https://github.com/mattpolzin/Sampleable.git",
        "state": {
          "branch": null,
          "revision": "df44bf1a860481109dcf455e3c6daf0a0f1bc259",
          "version": "2.1.0"
        }
      },
      {
        "package": "swift-backtrace",
        "repositoryURL": "https://github.com/swift-server/swift-backtrace.git",
        "state": {
          "branch": null,
          "revision": "d3e04a9d4b3833363fb6192065b763310b156d54",
          "version": "1.3.1"
        }
      },
      {
        "package": "swift-crypto",
        "repositoryURL": "https://github.com/apple/swift-crypto.git",
        "state": {
          "branch": null,
          "revision": "3bea268b223651c4ab7b7b9ad62ef9b2d4143eb6",
          "version": "1.1.6"
        }
      },
      {
        "package": "swift-log",
        "repositoryURL": "https://github.com/apple/swift-log.git",
        "state": {
          "branch": null,
          "revision": "5d66f7ba25daf4f94100e7022febf3c75e37a6c7",
          "version": "1.4.2"
        }
      },
      {
        "package": "swift-metrics",
        "repositoryURL": "https://github.com/apple/swift-metrics.git",
        "state": {
          "branch": null,
          "revision": "e382458581b05839a571c578e90060fff499f101",
          "version": "2.1.1"
        }
      },
      {
        "package": "swift-nio",
        "repositoryURL": "https://github.com/apple/swift-nio.git",
        "state": {
          "branch": null,
          "revision": "d79e33308b0ac83326b0ead0ea6446e604b8162d",
          "version": "2.30.0"
        }
      },
      {
        "package": "swift-nio-extras",
        "repositoryURL": "https://github.com/apple/swift-nio-extras.git",
        "state": {
          "branch": null,
          "revision": "f72c4688f89c28502105509186eadc49a49cb922",
          "version": "1.10.0"
        }
      },
      {
        "package": "swift-nio-http2",
        "repositoryURL": "https://github.com/apple/swift-nio-http2.git",
        "state": {
          "branch": null,
          "revision": "13b6a7a83864005334818d7ea2a3053869a96c04",
          "version": "1.18.0"
        }
      },
      {
        "package": "swift-nio-ssl",
        "repositoryURL": "https://github.com/apple/swift-nio-ssl.git",
        "state": {
          "branch": null,
          "revision": "9db7cee4b62c39160a6bd513a47a1ecdcceac18a",
          "version": "2.14.0"
        }
      },
      {
        "package": "swift-nio-transport-services",
        "repositoryURL": "https://github.com/apple/swift-nio-transport-services.git",
        "state": {
          "branch": null,
          "revision": "39587bceccda72780e2a8a8c5e857e42a9df2fa8",
          "version": "1.11.0"
        }
      },
      {
        "package": "vapor",
        "repositoryURL": "https://github.com/vapor/vapor.git",
        "state": {
          "branch": null,
          "revision": "2ada54b7ce56cc6934cd2c0207bef2305bfbd7a1",
          "version": "4.48.2"
        }
      },
      {
        "package": "VaporTypedRoutes",
        "repositoryURL": "https://github.com/mattpolzin/VaporTypedRoutes.git",
        "state": {
          "branch": null,
          "revision": "73cd29ed2c44900e9f54a09c1c336d97adc72b32",
          "version": "0.7.1"
        }
      },
      {
        "package": "websocket-kit",
        "repositoryURL": "https://github.com/vapor/websocket-kit.git",
        "state": {
          "branch": null,
          "revision": "a2d26b3de8b3be292f3208d1c74024f76ac503da",
          "version": "2.1.3"
        }
      },
      {
        "package": "Yams",
        "repositoryURL": "https://github.com/jpsim/Yams.git",
        "state": {
          "branch": null,
          "revision": "9ff1cc9327586db4e0c8f46f064b6a82ec1566fa",
          "version": "4.0.6"
        }
      }
    ]
  },
  "version": 1
}
