{
  "object": {
    "pins": [
      {
        "package": "AnyCodable",
        "repositoryURL": "https://github.com/Flight-School/AnyCodable.git",
        "state": {
          "branch": null,
          "revision": "6e9610258e9f1044b5e0d88545052846448b43c3",
          "version": "0.2.3"
        }
      },
      {
        "package": "async-http-client",
        "repositoryURL": "https://github.com/swift-server/async-http-client.git",
        "state": {
          "branch": null,
          "revision": "e2636a4c24e646d3e480fc666da0c090818beb09",
          "version": "1.1.0"
        }
      },
      {
        "package": "async-kit",
        "repositoryURL": "https://github.com/vapor/async-kit.git",
        "state": {
          "branch": null,
          "revision": "e67124898436b463af4eec9f98b17aff51f2d9bb",
          "version": "1.0.0-beta.2.3"
        }
      },
      {
        "package": "console-kit",
        "repositoryURL": "https://github.com/vapor/console-kit.git",
        "state": {
          "branch": null,
          "revision": "54585747b6a5c435b7852c026028710fd7a94bec",
          "version": "4.0.0-beta.2.1"
        }
      },
      {
        "package": "FineJSON",
        "repositoryURL": "https://github.com/omochi/FineJSON.git",
        "state": {
          "branch": null,
          "revision": "05101709243cb66d80c92e645210a3b80cf4e17f",
          "version": "1.14.0"
        }
      },
      {
        "package": "multipart-kit",
        "repositoryURL": "https://github.com/vapor/multipart-kit.git",
        "state": {
          "branch": null,
          "revision": "b41a49b5756ac3fbf8f2b07228a7e75f9b60731a",
          "version": "4.0.0-beta.2"
        }
      },
      {
        "package": "open-crypto",
        "repositoryURL": "https://github.com/vapor/open-crypto.git",
        "state": {
          "branch": null,
          "revision": "90c49bc68ee6d992fa13cf84ca8fc54b97eaf4cc",
          "version": "4.0.0-beta.2"
        }
      },
      {
        "package": "OpenAPIKit",
        "repositoryURL": "https://github.com/mattpolzin/OpenAPIKit.git",
        "state": {
          "branch": null,
          "revision": "02bf3f48c3678bb93869a10c7867d9a9373971dc",
          "version": "0.20.0"
        }
      },
      {
        "package": "OrderedDictionary",
        "repositoryURL": "https://github.com/mattpolzin/OrderedDictionary.git",
        "state": {
          "branch": null,
          "revision": "389f38b3f70b3b8c04305a0247db773c9236907f",
          "version": "1.1.0"
        }
      },
      {
        "package": "Poly",
        "repositoryURL": "https://github.com/mattpolzin/Poly.git",
        "state": {
          "branch": null,
          "revision": "0c9c08204142babc480938d704a23513d11420e5",
          "version": "2.3.1"
        }
      },
      {
        "package": "RichJSONParser",
        "repositoryURL": "https://github.com/omochi/RichJSONParser.git",
        "state": {
          "branch": null,
          "revision": "263e2ecfe88d0500fa99e4cbc8c948529d335534",
          "version": "3.0.0"
        }
      },
      {
        "package": "routing-kit",
        "repositoryURL": "https://github.com/vapor/routing-kit.git",
        "state": {
          "branch": null,
          "revision": "6a8a1636ad26494b03f3c72d74a420fc3a44949c",
          "version": "4.0.0-beta.3"
        }
      },
      {
        "package": "Sampleable",
        "repositoryURL": "https://github.com/mattpolzin/Sampleable.git",
        "state": {
          "branch": null,
          "revision": "df44bf1a860481109dcf455e3c6daf0a0f1bc259",
          "version": "2.1.0"
        }
      },
      {
        "package": "swift-backtrace",
        "repositoryURL": "https://github.com/ianpartridge/swift-backtrace.git",
        "state": {
          "branch": null,
          "revision": "eaf2cef011c0c23d1701aa60b364def8015dc3c7",
          "version": "1.1.1"
        }
      },
      {
        "package": "swift-log",
        "repositoryURL": "https://github.com/apple/swift-log.git",
        "state": {
          "branch": null,
          "revision": "74d7b91ceebc85daf387ebb206003f78813f71aa",
          "version": "1.2.0"
        }
      },
      {
        "package": "swift-metrics",
        "repositoryURL": "https://github.com/apple/swift-metrics.git",
        "state": {
          "branch": null,
          "revision": "09b72f68ed9b01b614c12855fc7e22876b97a97e",
          "version": "1.2.1"
        }
      },
      {
        "package": "swift-nio",
        "repositoryURL": "https://github.com/apple/swift-nio.git",
        "state": {
          "branch": null,
          "revision": "16ab4d657e1ad4e77bd5f8b94af8538561643053",
          "version": "2.14.0"
        }
      },
      {
        "package": "swift-nio-extras",
        "repositoryURL": "https://github.com/apple/swift-nio-extras.git",
        "state": {
          "branch": null,
          "revision": "b4dbfacff47fb8d0f9e0a422d8d37935a9f10570",
          "version": "1.4.0"
        }
      },
      {
        "package": "swift-nio-http2",
        "repositoryURL": "https://github.com/apple/swift-nio-http2.git",
        "state": {
          "branch": null,
          "revision": "65ebab9db70623bf1b58305edaa26ee5629856ed",
          "version": "1.9.1"
        }
      },
      {
        "package": "swift-nio-ssl",
        "repositoryURL": "https://github.com/apple/swift-nio-ssl.git",
        "state": {
          "branch": null,
          "revision": "af46d9b58fafbb76f9b01177568d435a1b024f99",
          "version": "2.6.2"
        }
      },
      {
        "package": "vapor",
        "repositoryURL": "https://github.com/vapor/vapor.git",
        "state": {
          "branch": null,
          "revision": "6f61074a549b1da62b6d9ff93bf6f3f49306afdc",
          "version": "4.0.0-beta.3.24"
        }
      },
      {
        "package": "VaporTypedRoutes",
        "repositoryURL": "https://github.com/mattpolzin/VaporTypedRoutes.git",
        "state": {
          "branch": null,
          "revision": "1d27e82874be6b3be0438fd4728ce47196e8743a",
          "version": "0.2.0"
        }
      },
      {
        "package": "websocket-kit",
        "repositoryURL": "https://github.com/vapor/websocket-kit.git",
        "state": {
          "branch": null,
          "revision": "766b4b0005a158550c345671c8e7cea42af104b6",
          "version": "2.0.0-beta.2.3"
        }
      },
      {
        "package": "Yams",
        "repositoryURL": "https://github.com/jpsim/Yams.git",
        "state": {
          "branch": null,
          "revision": "c947a306d2e80ecb2c0859047b35c73b8e1ca27f",
          "version": "2.0.0"
        }
      }
    ]
  },
  "version": 1
}
