{
  "object": {
    "pins": [
      {
        "package": "AnyCodable",
        "repositoryURL": "https://github.com/Flight-School/AnyCodable.git",
        "state": {
          "branch": null,
          "revision": "6e9610258e9f1044b5e0d88545052846448b43c3",
          "version": "0.2.3"
        }
      },
      {
        "package": "async-http-client",
        "repositoryURL": "https://github.com/swift-server/async-http-client.git",
        "state": {
          "branch": null,
          "revision": "48e284d1ea6d0e8baac1af1c4ad8bd298670caf6",
          "version": "1.0.1"
        }
      },
      {
        "package": "async-kit",
        "repositoryURL": "https://github.com/vapor/async-kit.git",
        "state": {
          "branch": null,
          "revision": "cb8e6ee62dc6684a95132f8d46511956e78ee0f1",
          "version": "1.0.0-beta.2"
        }
      },
      {
        "package": "console-kit",
        "repositoryURL": "https://github.com/vapor/console-kit.git",
        "state": {
          "branch": null,
          "revision": "535874e4654b17cebb422b9e17353e85d421a118",
          "version": "4.0.0-beta.2"
        }
      },
      {
        "package": "multipart-kit",
        "repositoryURL": "https://github.com/vapor/multipart-kit.git",
        "state": {
          "branch": null,
          "revision": "b41a49b5756ac3fbf8f2b07228a7e75f9b60731a",
          "version": "4.0.0-beta.2"
        }
      },
      {
        "package": "open-crypto",
        "repositoryURL": "https://github.com/vapor/open-crypto.git",
        "state": {
          "branch": null,
          "revision": "90c49bc68ee6d992fa13cf84ca8fc54b97eaf4cc",
          "version": "4.0.0-beta.2"
        }
      },
      {
        "package": "OpenAPIKit",
        "repositoryURL": "https://github.com/mattpolzin/OpenAPI.git",
        "state": {
          "branch": null,
          "revision": "7a0b0e171a02e67519d163b8a3ddf8ddbf36e786",
          "version": "0.9.0"
        }
      },
      {
        "package": "Poly",
        "repositoryURL": "https://github.com/mattpolzin/Poly.git",
        "state": {
          "branch": null,
          "revision": "0c9c08204142babc480938d704a23513d11420e5",
          "version": "2.3.1"
        }
      },
      {
        "package": "routing-kit",
        "repositoryURL": "https://github.com/vapor/routing-kit.git",
        "state": {
          "branch": null,
          "revision": "6a8a1636ad26494b03f3c72d74a420fc3a44949c",
          "version": "4.0.0-beta.3"
        }
      },
      {
        "package": "Sampleable",
        "repositoryURL": "https://github.com/mattpolzin/Sampleable.git",
        "state": {
          "branch": null,
          "revision": "8a88ca056a58587daa99c33a04c63c9d59429932",
          "version": "2.0.0"
        }
      },
      {
        "package": "swift-log",
        "repositoryURL": "https://github.com/apple/swift-log.git",
        "state": {
          "branch": null,
          "revision": "74d7b91ceebc85daf387ebb206003f78813f71aa",
          "version": "1.2.0"
        }
      },
      {
        "package": "swift-metrics",
        "repositoryURL": "https://github.com/apple/swift-metrics.git",
        "state": {
          "branch": null,
          "revision": "3fefedaaef285830cc98ae80231140122076a7e0",
          "version": "1.2.0"
        }
      },
      {
        "package": "swift-nio",
        "repositoryURL": "https://github.com/apple/swift-nio.git",
        "state": {
          "branch": null,
          "revision": "f6487a11d80bfb9a0a0a752b7442847c7e3a8253",
          "version": "2.12.0"
        }
      },
      {
        "package": "swift-nio-extras",
        "repositoryURL": "https://github.com/apple/swift-nio-extras.git",
        "state": {
          "branch": null,
          "revision": "53808818c2015c45247cad74dc05c7a032c96a2f",
          "version": "1.3.2"
        }
      },
      {
        "package": "swift-nio-http2",
        "repositoryURL": "https://github.com/apple/swift-nio-http2.git",
        "state": {
          "branch": null,
          "revision": "c1bfb7ce3f201e41ff60ef38fa63e67e0eb66a24",
          "version": "1.9.0"
        }
      },
      {
        "package": "swift-nio-ssl",
        "repositoryURL": "https://github.com/apple/swift-nio-ssl.git",
        "state": {
          "branch": null,
          "revision": "b75ffaba05b2cffdb1420d558f1a90b4e6c46dcc",
          "version": "2.5.0"
        }
      },
      {
        "package": "vapor",
        "repositoryURL": "https://github.com/vapor/vapor.git",
        "state": {
          "branch": null,
          "revision": "adcce86be49463445a5b24c1bc3f0532b21ab845",
          "version": "4.0.0-beta.3.1"
        }
      },
      {
        "package": "VaporTypedRoutes",
        "repositoryURL": "https://github.com/mattpolzin/VaporTypedRoutes.git",
        "state": {
          "branch": null,
          "revision": "05154f914c62782db9c6d70e54feb49323219418",
          "version": "0.1.0"
        }
      },
      {
        "package": "websocket-kit",
        "repositoryURL": "https://github.com/vapor/websocket-kit.git",
        "state": {
          "branch": null,
          "revision": "4c9da4fe7d8186243418254031288ab5ee0202e4",
          "version": "2.0.0-beta.2.1"
        }
      }
    ]
  },
  "version": 1
}
